
Microsoft Visual Studio Solution File, Format Version 12.00
# Visual Studio Version 16
VisualStudioVersion = 16.0.33927.289
MinimumVisualStudioVersion = 10.0.40219.1
Project("{FAE04EC0-301F-11D3-BF4B-00C04F79EFBC}") = "Calculator", "Calculator\Calculator.csproj", "{335B2C1E-57A0-4982-9990-60CFB56C747C}"
EndProject
Global
	GlobalSection(SolutionConfigurationPlatforms) = preSolution
		Debug|Any CPU = Debug|Any CPU
		Release|Any CPU = Release|Any CPU
	EndGlobalSection
	GlobalSection(ProjectConfigurationPlatforms) = postSolution
		{335B2C1E-57A0-4982-9990-60CFB56C747C}.Debug|Any CPU.ActiveCfg = Debug|Any CPU
		{335B2C1E-57A0-4982-9990-60CFB56C747C}.Debug|Any CPU.Build.0 = Debug|Any CPU
		{335B2C1E-57A0-4982-9990-60CFB56C747C}.Release|Any CPU.ActiveCfg = Release|Any CPU
		{335B2C1E-57A0-4982-9990-60CFB56C747C}.Release|Any CPU.Build.0 = Release|Any CPU
	EndGlobalSection
	GlobalSection(SolutionProperties) = preSolution
		HideSolutionNode = FALSE
	EndGlobalSection
	GlobalSection(ExtensibilityGlobals) = postSolution
		SolutionGuid = {F7C052FA-BEC6-43A7-A9B5-B33755ACE369}
	EndGlobalSection
EndGlobal
